
Microsoft Visual Studio Solution File, Format Version 12.00
# Visual Studio Version 17
VisualStudioVersion = 17.4.33103.184
MinimumVisualStudioVersion = 10.0.40219.1
Project("{FAE04EC0-301F-11D3-BF4B-00C04F79EFBC}") = "WeatherApi", "WeatherApi\WeatherApi.csproj", "{237CBF46-97FA-4E05-B4BF-D2E01C15A5AD}"
EndProject
Global
	GlobalSection(SolutionConfigurationPlatforms) = preSolution
		Debug|Any CPU = Debug|Any CPU
		Release|Any CPU = Release|Any CPU
	EndGlobalSection
	GlobalSection(ProjectConfigurationPlatforms) = postSolution
		{237CBF46-97FA-4E05-B4BF-D2E01C15A5AD}.Debug|Any CPU.ActiveCfg = Debug|Any CPU
		{237CBF46-97FA-4E05-B4BF-D2E01C15A5AD}.Debug|Any CPU.Build.0 = Debug|Any CPU
		{237CBF46-97FA-4E05-B4BF-D2E01C15A5AD}.Release|Any CPU.ActiveCfg = Release|Any CPU
		{237CBF46-97FA-4E05-B4BF-D2E01C15A5AD}.Release|Any CPU.Build.0 = Release|Any CPU
	EndGlobalSection
	GlobalSection(SolutionProperties) = preSolution
		HideSolutionNode = FALSE
	EndGlobalSection
	GlobalSection(ExtensibilityGlobals) = postSolution
		SolutionGuid = {79B1F355-B980-424D-BB99-4834E155C3C0}
	EndGlobalSection
EndGlobal
